
Microsoft Visual Studio Solution File, Format Version 12.00
# Visual Studio Version 16
VisualStudioVersion = 16.0.32407.337
MinimumVisualStudioVersion = 10.0.40219.1
Project("{FAE04EC0-301F-11D3-BF4B-00C04F79EFBC}") = "SpaceBunnyJump", "SpaceBunnyJump\SpaceBunnyJump.csproj", "{76233B58-2198-4D11-A985-6CB26A16EB66}"
EndProject
Global
	GlobalSection(SolutionConfigurationPlatforms) = preSolution
		Debug|Any CPU = Debug|Any CPU
		Release|Any CPU = Release|Any CPU
	EndGlobalSection
	GlobalSection(ProjectConfigurationPlatforms) = postSolution
		{76233B58-2198-4D11-A985-6CB26A16EB66}.Debug|Any CPU.ActiveCfg = Debug|Any CPU
		{76233B58-2198-4D11-A985-6CB26A16EB66}.Debug|Any CPU.Build.0 = Debug|Any CPU
		{76233B58-2198-4D11-A985-6CB26A16EB66}.Release|Any CPU.ActiveCfg = Release|Any CPU
		{76233B58-2198-4D11-A985-6CB26A16EB66}.Release|Any CPU.Build.0 = Release|Any CPU
	EndGlobalSection
	GlobalSection(SolutionProperties) = preSolution
		HideSolutionNode = FALSE
	EndGlobalSection
	GlobalSection(ExtensibilityGlobals) = postSolution
		SolutionGuid = {3E6A287E-16C5-4CC5-A00E-0165C09FD733}
	EndGlobalSection
EndGlobal
